
Microsoft Visual Studio Solution File, Format Version 12.00
# Visual Studio 15
VisualStudioVersion = 15.0.28010.2046
MinimumVisualStudioVersion = 10.0.40219.1
Project("{FAE04EC0-301F-11D3-BF4B-00C04F79EFBC}") = "Lista_de_Exercicios_1_a_6", "Lista_de_Exercicios_1_a_6\Lista_de_Exercicios_1_a_6.csproj", "{82813AE0-973C-4F8C-AD39-0AFEB2FA2F20}"
EndProject
Global
	GlobalSection(SolutionConfigurationPlatforms) = preSolution
		Debug|Any CPU = Debug|Any CPU
		Release|Any CPU = Release|Any CPU
	EndGlobalSection
	GlobalSection(ProjectConfigurationPlatforms) = postSolution
		{82813AE0-973C-4F8C-AD39-0AFEB2FA2F20}.Debug|Any CPU.ActiveCfg = Debug|Any CPU
		{82813AE0-973C-4F8C-AD39-0AFEB2FA2F20}.Debug|Any CPU.Build.0 = Debug|Any CPU
		{82813AE0-973C-4F8C-AD39-0AFEB2FA2F20}.Release|Any CPU.ActiveCfg = Release|Any CPU
		{82813AE0-973C-4F8C-AD39-0AFEB2FA2F20}.Release|Any CPU.Build.0 = Release|Any CPU
	EndGlobalSection
	GlobalSection(SolutionProperties) = preSolution
		HideSolutionNode = FALSE
	EndGlobalSection
	GlobalSection(ExtensibilityGlobals) = postSolution
		SolutionGuid = {6D7A4690-83A3-4680-A738-18EEB74D6611}
	EndGlobalSection
EndGlobal
